
Microsoft Visual Studio Solution File, Format Version 12.00
# Visual Studio Version 17
VisualStudioVersion = 17.0.32014.148
MinimumVisualStudioVersion = 10.0.40219.1
Project("{8BC9CEB8-8B4A-11D0-8D11-00A0C91BC942}") = "HLDExporter", "HLDExporter.vcxproj", "{59AF814A-70EC-4B47-B3B1-9A7E0976D0CB}"
EndProject
Global
	GlobalSection(SolutionConfigurationPlatforms) = preSolution
		Debug|x64 = Debug|x64
		Debug|x86 = Debug|x86
		Release|x64 = Release|x64
		Release|x86 = Release|x86
	EndGlobalSection
	GlobalSection(ProjectConfigurationPlatforms) = postSolution
		{59AF814A-70EC-4B47-B3B1-9A7E0976D0CB}.Debug|x64.ActiveCfg = Debug|x64
		{59AF814A-70EC-4B47-B3B1-9A7E0976D0CB}.Debug|x64.Build.0 = Debug|x64
		{59AF814A-70EC-4B47-B3B1-9A7E0976D0CB}.Debug|x86.ActiveCfg = Debug|Win32
		{59AF814A-70EC-4B47-B3B1-9A7E0976D0CB}.Debug|x86.Build.0 = Debug|Win32
		{59AF814A-70EC-4B47-B3B1-9A7E0976D0CB}.Release|x64.ActiveCfg = Release|x64
		{59AF814A-70EC-4B47-B3B1-9A7E0976D0CB}.Release|x64.Build.0 = Release|x64
		{59AF814A-70EC-4B47-B3B1-9A7E0976D0CB}.Release|x86.ActiveCfg = Release|Win32
		{59AF814A-70EC-4B47-B3B1-9A7E0976D0CB}.Release|x86.Build.0 = Release|Win32
	EndGlobalSection
	GlobalSection(SolutionProperties) = preSolution
		HideSolutionNode = FALSE
	EndGlobalSection
	GlobalSection(ExtensibilityGlobals) = postSolution
		SolutionGuid = {155E169A-2F3F-43ED-AC2C-109DFDAA7509}
	EndGlobalSection
EndGlobal
